// !$*UTF8*$!
{
	archiveVersion = 1;
	classes = {
	};
	objectVersion = 46;
	objects = {

/* Begin PBXBuildFile section */
		D698EF8F1F1270350006E2B2 /* AppDelegate.swift in Sources */ = {isa = PBXBuildFile; fileRef = D698EF8E1F1270350006E2B2 /* AppDelegate.swift */; };
		D698EF911F1270350006E2B2 /* ViewController.swift in Sources */ = {isa = PBXBuildFile; fileRef = D698EF901F1270350006E2B2 /* ViewController.swift */; };
		D698EF941F1270350006E2B2 /* Main.storyboard in Resources */ = {isa = PBXBuildFile; fileRef = D698EF921F1270350006E2B2 /* Main.storyboard */; };
		D698EF961F1270350006E2B2 /* Assets.xcassets in Resources */ = {isa = PBXBuildFile; fileRef = D698EF951F1270350006E2B2 /* Assets.xcassets */; };
		D698EF991F1270350006E2B2 /* LaunchScreen.storyboard in Resources */ = {isa = PBXBuildFile; fileRef = D698EF971F1270350006E2B2 /* LaunchScreen.storyboard */; };
/* End PBXBuildFile section */

/* Begin PBXFileReference section */
		D698EF8B1F1270350006E2B2 /* socialApp.app */ = {isa = PBXFileReference; explicitFileType = wrapper.application; includeInIndex = 0; path = socialApp.app; sourceTree = BUILT_PRODUCTS_DIR; };
		D698EF8E1F1270350006E2B2 /* AppDelegate.swift */ = {isa = PBXFileReference; lastKnownFileType = sourcecode.swift; path = AppDelegate.swift; sourceTree = "<group>"; };
		D698EF901F1270350006E2B2 /* ViewController.swift */ = {isa = PBXFileReference; lastKnownFileType = sourcecode.swift; path = ViewController.swift; sourceTree = "<group>"; };
		D698EF931F1270350006E2B2 /* Base */ = {isa = PBXFileReference; lastKnownFileType = file.storyboard; name = Base; path = Base.lproj/Main.storyboard; sourceTree = "<group>"; };
		D698EF951F1270350006E2B2 /* Assets.xcassets */ = {isa = PBXFileReference; lastKnownFileType = folder.assetcatalog; path = Assets.xcassets; sourceTree = "<group>"; };
		D698EF981F1270350006E2B2 /* Base */ = {isa = PBXFileReference; lastKnownFileType = file.storyboard; name = Base; path = Base.lproj/LaunchScreen.storyboard; sourceTree = "<group>"; };
		D698EF9A1F1270350006E2B2 /* Info.plist */ = {isa = PBXFileReference; lastKnownFileType = text.plist.xml; path = Info.plist; sourceTree = "<group>"; };
/* End PBXFileReference section */

/* Begin PBXFrameworksBuildPhase section */
		D698EF881F1270350006E2B2 /* Frameworks */ = {
			isa = PBXFrameworksBuildPhase;
			buildActionMask = 2147483647;
			files = (
			);
			runOnlyForDeploymentPostprocessing = 0;
		};
/* End PBXFrameworksBuildPhase section */

/* Begin PBXGroup section */
		D698EF821F1270350006E2B2 = {
			isa = PBXGroup;
			children = (
				D698EF8D1F1270350006E2B2 /* socialApp */,
				D698EF8C1F1270350006E2B2 /* Products */,
			);
			sourceTree = "<group>";
		};
		D698EF8C1F1270350006E2B2 /* Products */ = {
			isa = PBXGroup;
			children = (
				D698EF8B1F1270350006E2B2 /* socialApp.app */,
			);
			name = Products;
			sourceTree = "<group>";
		};
		D698EF8D1F1270350006E2B2 /* socialApp */ = {
			isa = PBXGroup;
			children = (
				D698EF8E1F1270350006E2B2 /* AppDelegate.swift */,
				D698EF901F1270350006E2B2 /* ViewController.swift */,
				D698EF921F1270350006E2B2 /* Main.storyboard */,
				D698EF951F1270350006E2B2 /* Assets.xcassets */,
				D698EF971F1270350006E2B2 /* LaunchScreen.storyboard */,
				D698EF9A1F1270350006E2B2 /* Info.plist */,
			);
			path = socialApp;
			sourceTree = "<group>";
		};
/* End PBXGroup section */

/* Begin PBXNativeTarget section */
		D698EF8A1F1270350006E2B2 /* socialApp */ = {
			isa = PBXNativeTarget;
			buildConfigurationList = D698EF9D1F1270350006E2B2 /* Build configuration list for PBXNativeTarget "socialApp" */;
			buildPhases = (
				D698EF871F1270350006E2B2 /* Sources */,
				D698EF881F1270350006E2B2 /* Frameworks */,
				D698EF891F1270350006E2B2 /* Resources */,
			);
			buildRules = (
			);
			dependencies = (
			);
			name = socialApp;
			productName = socialApp;
			productReference = D698EF8B1F1270350006E2B2 /* socialApp.app */;
			productType = "com.apple.product-type.application";
		};
/* End PBXNativeTarget section */

/* Begin PBXProject section */
		D698EF831F1270350006E2B2 /* Project object */ = {
			isa = PBXProject;
			attributes = {
				LastSwiftUpdateCheck = 0830;
				LastUpgradeCheck = 0830;
				ORGANIZATIONNAME = "Shashank Atla";
				TargetAttributes = {
					D698EF8A1F1270350006E2B2 = {
						CreatedOnToolsVersion = 8.3.3;
						DevelopmentTeam = 4DG624BBH4;
						ProvisioningStyle = Automatic;
					};
				};
			};
			buildConfigurationList = D698EF861F1270350006E2B2 /* Build configuration list for PBXProject "socialApp" */;
			compatibilityVersion = "Xcode 3.2";
			developmentRegion = English;
			hasScannedForEncodings = 0;
			knownRegions = (
				en,
				Base,
			);
			mainGroup = D698EF821F1270350006E2B2;
			productRefGroup = D698EF8C1F1270350006E2B2 /* Products */;
			projectDirPath = "";
			projectRoot = "";
			targets = (
				D698EF8A1F1270350006E2B2 /* socialApp */,
			);
		};
/* End PBXProject section */

/* Begin PBXResourcesBuildPhase section */
		D698EF891F1270350006E2B2 /* Resources */ = {
			isa = PBXResourcesBuildPhase;
			buildActionMask = 2147483647;
			files = (
				D698EF991F1270350006E2B2 /* LaunchScreen.storyboard in Resources */,
				D698EF961F1270350006E2B2 /* Assets.xcassets in Resources */,
				D698EF941F1270350006E2B2 /* Main.storyboard in Resources */,
			);
			runOnlyForDeploymentPostprocessing = 0;
		};
/* End PBXResourcesBuildPhase section */

/* Begin PBXSourcesBuildPhase section */
		D698EF871F1270350006E2B2 /* Sources */ = {
			isa = PBXSourcesBuildPhase;
			buildActionMask = 2147483647;
			files = (
				D698EF911F1270350006E2B2 /* ViewController.swift in Sources */,
				D698EF8F1F1270350006E2B2 /* AppDelegate.swift in Sources */,
			);
			runOnlyForDeploymentPostprocessing = 0;
		};
/* End PBXSourcesBuildPhase section */

/* Begin PBXVariantGroup section */
		D698EF921F1270350006E2B2 /* Main.storyboard */ = {
			isa = PBXVariantGroup;
			children = (
				D698EF931F1270350006E2B2 /* Base */,
			);
			name = Main.storyboard;
			sourceTree = "<group>";
		};
		D698EF971F1270350006E2B2 /* LaunchScreen.storyboard */ = {
			isa = PBXVariantGroup;
			children = (
				D698EF981F1270350006E2B2 /* Base */,
			);
			name = LaunchScreen.storyboard;
			sourceTree = "<group>";
		};
/* End PBXVariantGroup section */

/* Begin XCBuildConfiguration section */
		D698EF9B1F1270350006E2B2 /* Debug */ = {
			isa = XCBuildConfiguration;
			buildSettings = {
				ALWAYS_SEARCH_USER_PATHS = NO;
				CLANG_ANALYZER_NONNULL = YES;
				CLANG_ANALYZER_NUMBER_OBJECT_CONVERSION = YES_AGGRESSIVE;
				CLANG_CXX_LANGUAGE_STANDARD = "gnu++0x";
				CLANG_CXX_LIBRARY = "libc++";
				CLANG_ENABLE_MODULES = YES;
				CLANG_ENABLE_OBJC_ARC = YES;
				CLANG_WARN_BOOL_CONVERSION = YES;
				CLANG_WARN_CONSTANT_CONVERSION = YES;
				CLANG_WARN_DIRECT_OBJC_ISA_USAGE = YES_ERROR;
				CLANG_WARN_DOCUMENTATION_COMMENTS = YES;
				CLANG_WARN_EMPTY_BODY = YES;
				CLANG_WARN_ENUM_CONVERSION = YES;
				CLANG_WARN_INFINITE_RECURSION = YES;
				CLANG_WARN_INT_CONVERSION = YES;
				CLANG_WARN_OBJC_ROOT_CLASS = YES_ERROR;
				CLANG_WARN_SUSPICIOUS_MOVE = YES;
				CLANG_WARN_UNREACHABLE_CODE = YES;
				CLANG_WARN__DUPLICATE_METHOD_MATCH = YES;
				"CODE_SIGN_IDENTITY[sdk=iphoneos*]" = "iPhone Developer";
				COPY_PHASE_STRIP = NO;
				DEBUG_INFORMATION_FORMAT = dwarf;
				ENABLE_STRICT_OBJC_MSGSEND = YES;
				ENABLE_TESTABILITY = YES;
				GCC_C_LANGUAGE_STANDARD = gnu99;
				GCC_DYNAMIC_NO_PIC = NO;
				GCC_NO_COMMON_BLOCKS = YES;
				GCC_OPTIMIZATION_LEVEL = 0;
				GCC_PREPROCESSOR_DEFINITIONS = (
					"DEBUG=1",
					"$(inherited)",
				);
				GCC_WARN_64_TO_32_BIT_CONVERSION = YES;
				GCC_WARN_ABOUT_RETURN_TYPE = YES_ERROR;
				GCC_WARN_UNDECLARED_SELECTOR = YES;
				GCC_WARN_UNINITIALIZED_AUTOS = YES_AGGRESSIVE;
				GCC_WARN_UNUSED_FUNCTION = YES;
				GCC_WARN_UNUSED_VARIABLE = YES;
				IPHONEOS_DEPLOYMENT_TARGET = 10.3;
				MTL_ENABLE_DEBUG_INFO = YES;
				ONLY_ACTIVE_ARCH = YES;
				SDKROOT = iphoneos;
				SWIFT_ACTIVE_COMPILATION_CONDITIONS = DEBUG;
				SWIFT_OPTIMIZATION_LEVEL = "-Onone";
			};
			name = Debug;
		};
		D698EF9C1F1270350006E2B2 /* Release */ = {
			isa = XCBuildConfiguration;
			buildSettings = {
				ALWAYS_SEARCH_USER_PATHS = NO;
				CLANG_ANALYZER_NONNULL = YES;
				CLANG_ANALYZER_NUMBER_OBJECT_CONVERSION = YES_AGGRESSIVE;
				CLANG_CXX_LANGUAGE_STANDARD = "gnu++0x";
				CLANG_CXX_LIBRARY = "libc++";
				CLANG_ENABLE_MODULES = YES;
				CLANG_ENABLE_OBJC_ARC = YES;
				CLANG_WARN_BOOL_CONVERSION = YES;
				CLANG_WARN_CONSTANT_CONVERSION = YES;
				CLANG_WARN_DIRECT_OBJC_ISA_USAGE = YES_ERROR;
				CLANG_WARN_DOCUMENTATION_COMMENTS = YES;
				CLANG_WARN_EMPTY_BODY = YES;
				CLANG_WARN_ENUM_CONVERSION = YES;
				CLANG_WARN_INFINITE_RECURSION = YES;
				CLANG_WARN_INT_CONVERSION = YES;
				CLANG_WARN_OBJC_ROOT_CLASS = YES_ERROR;
				CLANG_WARN_SUSPICIOUS_MOVE = YES;
				CLANG_WARN_UNREACHABLE_CODE = YES;
				CLANG_WARN__DUPLICATE_METHOD_MATCH = YES;
				"CODE_SIGN_IDENTITY[sdk=iphoneos*]" = "iPhone Developer";
				COPY_PHASE_STRIP = NO;
				DEBUG_INFORMATION_FORMAT = "dwarf-with-dsym";
				ENABLE_NS_ASSERTIONS = NO;
				ENABLE_STRICT_OBJC_MSGSEND = YES;
				GCC_C_LANGUAGE_STANDARD = gnu99;
				GCC_NO_COMMON_BLOCKS = YES;
				GCC_WARN_64_TO_32_BIT_CONVERSION = YES;
				GCC_WARN_ABOUT_RETURN_TYPE = YES_ERROR;
				GCC_WARN_UNDECLARED_SELECTOR = YES;
				GCC_WARN_UNINITIALIZED_AUTOS = YES_AGGRESSIVE;
				GCC_WARN_UNUSED_FUNCTION = YES;
				GCC_WARN_UNUSED_VARIABLE = YES;
				IPHONEOS_DEPLOYMENT_TARGET = 10.3;
				MTL_ENABLE_DEBUG_INFO = NO;
				SDKROOT = iphoneos;
				SWIFT_OPTIMIZATION_LEVEL = "-Owholemodule";
				VALIDATE_PRODUCT = YES;
			};
			name = Release;
		};
		D698EF9E1F1270350006E2B2 /* Debug */ = {
			isa = XCBuildConfiguration;
			buildSettings = {
				ASSETCATALOG_COMPILER_APPICON_NAME = AppIcon;
				DEVELOPMENT_TEAM = 4DG624BBH4;
				INFOPLIST_FILE = socialApp/Info.plist;
				LD_RUNPATH_SEARCH_PATHS = "$(inherited) @executable_path/Frameworks";
				PRODUCT_BUNDLE_IDENTIFIER = com.Shashank.socialApp;
				PRODUCT_NAME = "$(TARGET_NAME)";
				SWIFT_VERSION = 3.0;
			};
			name = Debug;
		};
		D698EF9F1F1270350006E2B2 /* Release */ = {
			isa = XCBuildConfiguration;
			buildSettings = {
				ASSETCATALOG_COMPILER_APPICON_NAME = AppIcon;
				DEVELOPMENT_TEAM = 4DG624BBH4;
				INFOPLIST_FILE = socialApp/Info.plist;
				LD_RUNPATH_SEARCH_PATHS = "$(inherited) @executable_path/Frameworks";
				PRODUCT_BUNDLE_IDENTIFIER = com.Shashank.socialApp;
				PRODUCT_NAME = "$(TARGET_NAME)";
				SWIFT_VERSION = 3.0;
			};
			name = Release;
		};
/* End XCBuildConfiguration section */

/* Begin XCConfigurationList section */
		D698EF861F1270350006E2B2 /* Build configuration list for PBXProject "socialApp" */ = {
			isa = XCConfigurationList;
			buildConfigurations = (
				D698EF9B1F1270350006E2B2 /* Debug */,
				D698EF9C1F1270350006E2B2 /* Release */,
			);
			defaultConfigurationIsVisible = 0;
			defaultConfigurationName = Release;
		};
		D698EF9D1F1270350006E2B2 /* Build configuration list for PBXNativeTarget "socialApp" */ = {
			isa = XCConfigurationList;
			buildConfigurations = (
				D698EF9E1F1270350006E2B2 /* Debug */,
				D698EF9F1F1270350006E2B2 /* Release */,
			);
			defaultConfigurationIsVisible = 0;
		};
/* End XCConfigurationList section */
	};
	rootObject = D698EF831F1270350006E2B2 /* Project object */;
}
